// !$*UTF8*$!
{
	archiveVersion = 1;
	classes = {
	};
	objectVersion = 55;
	objects = {

/* Begin PBXBuildFile section */
		1A8DC4CD27EB6632001361B6 /* AppDelegate.swift in Sources */ = {isa = PBXBuildFile; fileRef = 1A8DC4CC27EB6632001361B6 /* AppDelegate.swift */; };
		1A8DC4CF27EB6632001361B6 /* SceneDelegate.swift in Sources */ = {isa = PBXBuildFile; fileRef = 1A8DC4CE27EB6632001361B6 /* SceneDelegate.swift */; };
		1A8DC4D127EB6632001361B6 /* ViewController.swift in Sources */ = {isa = PBXBuildFile; fileRef = 1A8DC4D027EB6632001361B6 /* ViewController.swift */; };
		1A8DC4D427EB6632001361B6 /* Main.storyboard in Resources */ = {isa = PBXBuildFile; fileRef = 1A8DC4D227EB6632001361B6 /* Main.storyboard */; };
		1A8DC4D627EB6634001361B6 /* Assets.xcassets in Resources */ = {isa = PBXBuildFile; fileRef = 1A8DC4D527EB6634001361B6 /* Assets.xcassets */; };
		1A8DC4D927EB6634001361B6 /* LaunchScreen.storyboard in Resources */ = {isa = PBXBuildFile; fileRef = 1A8DC4D727EB6634001361B6 /* LaunchScreen.storyboard */; };
		1A8DC4E227EB6768001361B6 /* Apollo in Frameworks */ = {isa = PBXBuildFile; productRef = 1A8DC4E127EB6768001361B6 /* Apollo */; };
		1A8DC4E427EB6768001361B6 /* ApolloWebSocket in Frameworks */ = {isa = PBXBuildFile; productRef = 1A8DC4E327EB6768001361B6 /* ApolloWebSocket */; };
		1A8DC4E827EB6C99001361B6 /* Quotes.graphql in Resources */ = {isa = PBXBuildFile; fileRef = 1A8DC4E727EB6C99001361B6 /* Quotes.graphql */; };
		1A8DC4EC27EB7E4A001361B6 /* Network.swift in Sources */ = {isa = PBXBuildFile; fileRef = 1A8DC4EB27EB7E4A001361B6 /* Network.swift */; };
		1AE1C1AF27F1F2410077E917 /* API.swift in Sources */ = {isa = PBXBuildFile; fileRef = 1AE1C1AE27F1F2400077E917 /* API.swift */; };
		1AE1C1B127F205CF0077E917 /* UIViewController + Alert.swift in Sources */ = {isa = PBXBuildFile; fileRef = 1AE1C1B027F205CF0077E917 /* UIViewController + Alert.swift */; };
/* End PBXBuildFile section */

/* Begin PBXFileReference section */
		1A8DC4C927EB6632001361B6 /* quotes.app */ = {isa = PBXFileReference; explicitFileType = wrapper.application; includeInIndex = 0; path = quotes.app; sourceTree = BUILT_PRODUCTS_DIR; };
		1A8DC4CC27EB6632001361B6 /* AppDelegate.swift */ = {isa = PBXFileReference; lastKnownFileType = sourcecode.swift; path = AppDelegate.swift; sourceTree = "<group>"; };
		1A8DC4CE27EB6632001361B6 /* SceneDelegate.swift */ = {isa = PBXFileReference; lastKnownFileType = sourcecode.swift; path = SceneDelegate.swift; sourceTree = "<group>"; };
		1A8DC4D027EB6632001361B6 /* ViewController.swift */ = {isa = PBXFileReference; lastKnownFileType = sourcecode.swift; path = ViewController.swift; sourceTree = "<group>"; };
		1A8DC4D327EB6632001361B6 /* Base */ = {isa = PBXFileReference; lastKnownFileType = file.storyboard; name = Base; path = Base.lproj/Main.storyboard; sourceTree = "<group>"; };
		1A8DC4D527EB6634001361B6 /* Assets.xcassets */ = {isa = PBXFileReference; lastKnownFileType = folder.assetcatalog; path = Assets.xcassets; sourceTree = "<group>"; };
		1A8DC4D827EB6634001361B6 /* Base */ = {isa = PBXFileReference; lastKnownFileType = file.storyboard; name = Base; path = Base.lproj/LaunchScreen.storyboard; sourceTree = "<group>"; };
		1A8DC4DA27EB6634001361B6 /* Info.plist */ = {isa = PBXFileReference; lastKnownFileType = text.plist.xml; path = Info.plist; sourceTree = "<group>"; };
		1A8DC4E627EB6BAC001361B6 /* Schema.graphqls */ = {isa = PBXFileReference; lastKnownFileType = text; path = Schema.graphqls; sourceTree = "<group>"; };
		1A8DC4E727EB6C99001361B6 /* Quotes.graphql */ = {isa = PBXFileReference; lastKnownFileType = text; path = Quotes.graphql; sourceTree = "<group>"; };
		1A8DC4EB27EB7E4A001361B6 /* Network.swift */ = {isa = PBXFileReference; lastKnownFileType = sourcecode.swift; path = Network.swift; sourceTree = "<group>"; };
		1AE1C1AE27F1F2400077E917 /* API.swift */ = {isa = PBXFileReference; fileEncoding = 4; lastKnownFileType = sourcecode.swift; path = API.swift; sourceTree = "<group>"; };
		1AE1C1B027F205CF0077E917 /* UIViewController + Alert.swift */ = {isa = PBXFileReference; lastKnownFileType = sourcecode.swift; path = "UIViewController + Alert.swift"; sourceTree = "<group>"; };
/* End PBXFileReference section */

/* Begin PBXFrameworksBuildPhase section */
		1A8DC4C627EB6632001361B6 /* Frameworks */ = {
			isa = PBXFrameworksBuildPhase;
			buildActionMask = 2147483647;
			files = (
				1A8DC4E227EB6768001361B6 /* Apollo in Frameworks */,
				1A8DC4E427EB6768001361B6 /* ApolloWebSocket in Frameworks */,
			);
			runOnlyForDeploymentPostprocessing = 0;
		};
/* End PBXFrameworksBuildPhase section */

/* Begin PBXGroup section */
		1A8DC4C027EB6632001361B6 = {
			isa = PBXGroup;
			children = (
				1A8DC4CB27EB6632001361B6 /* quotes */,
				1A8DC4CA27EB6632001361B6 /* Products */,
			);
			sourceTree = "<group>";
		};
		1A8DC4CA27EB6632001361B6 /* Products */ = {
			isa = PBXGroup;
			children = (
				1A8DC4C927EB6632001361B6 /* quotes.app */,
			);
			name = Products;
			sourceTree = "<group>";
		};
		1A8DC4CB27EB6632001361B6 /* quotes */ = {
			isa = PBXGroup;
			children = (
				1A8DC4CC27EB6632001361B6 /* AppDelegate.swift */,
				1A8DC4CE27EB6632001361B6 /* SceneDelegate.swift */,
				1A8DC4D027EB6632001361B6 /* ViewController.swift */,
				1A8DC4EB27EB7E4A001361B6 /* Network.swift */,
				1AE1C1B227F20A610077E917 /* Extensions */,
				1AE1C1AE27F1F2400077E917 /* API.swift */,
				1A8DC4E727EB6C99001361B6 /* Quotes.graphql */,
				1A8DC4E627EB6BAC001361B6 /* Schema.graphqls */,
				1A8DC4D227EB6632001361B6 /* Main.storyboard */,
				1A8DC4D527EB6634001361B6 /* Assets.xcassets */,
				1A8DC4D727EB6634001361B6 /* LaunchScreen.storyboard */,
				1A8DC4DA27EB6634001361B6 /* Info.plist */,
			);
			path = quotes;
			sourceTree = "<group>";
		};
		1AE1C1B227F20A610077E917 /* Extensions */ = {
			isa = PBXGroup;
			children = (
				1AE1C1B027F205CF0077E917 /* UIViewController + Alert.swift */,
			);
			path = Extensions;
			sourceTree = "<group>";
		};
/* End PBXGroup section */

/* Begin PBXNativeTarget section */
		1A8DC4C827EB6632001361B6 /* quotes */ = {
			isa = PBXNativeTarget;
			buildConfigurationList = 1A8DC4DD27EB6634001361B6 /* Build configuration list for PBXNativeTarget "quotes" */;
			buildPhases = (
				1A8DC4E527EB67AE001361B6 /* Apollo */,
				1A8DC4C527EB6632001361B6 /* Sources */,
				1A8DC4C627EB6632001361B6 /* Frameworks */,
				1A8DC4C727EB6632001361B6 /* Resources */,
			);
			buildRules = (
			);
			dependencies = (
			);
			name = quotes;
			packageProductDependencies = (
				1A8DC4E127EB6768001361B6 /* Apollo */,
				1A8DC4E327EB6768001361B6 /* ApolloWebSocket */,
			);
			productName = quotes;
			productReference = 1A8DC4C927EB6632001361B6 /* quotes.app */;
			productType = "com.apple.product-type.application";
		};
/* End PBXNativeTarget section */

/* Begin PBXProject section */
		1A8DC4C127EB6632001361B6 /* Project object */ = {
			isa = PBXProject;
			attributes = {
				BuildIndependentTargetsInParallel = 1;
				LastSwiftUpdateCheck = 1330;
				LastUpgradeCheck = 1330;
				TargetAttributes = {
					1A8DC4C827EB6632001361B6 = {
						CreatedOnToolsVersion = 13.3;
					};
				};
			};
			buildConfigurationList = 1A8DC4C427EB6632001361B6 /* Build configuration list for PBXProject "quotes" */;
			compatibilityVersion = "Xcode 13.0";
			developmentRegion = en;
			hasScannedForEncodings = 0;
			knownRegions = (
				en,
				Base,
			);
			mainGroup = 1A8DC4C027EB6632001361B6;
			packageReferences = (
				1A8DC4E027EB6768001361B6 /* XCRemoteSwiftPackageReference "apollo-ios" */,
			);
			productRefGroup = 1A8DC4CA27EB6632001361B6 /* Products */;
			projectDirPath = "";
			projectRoot = "";
			targets = (
				1A8DC4C827EB6632001361B6 /* quotes */,
			);
		};
/* End PBXProject section */

/* Begin PBXResourcesBuildPhase section */
		1A8DC4C727EB6632001361B6 /* Resources */ = {
			isa = PBXResourcesBuildPhase;
			buildActionMask = 2147483647;
			files = (
				1A8DC4D927EB6634001361B6 /* LaunchScreen.storyboard in Resources */,
				1A8DC4D627EB6634001361B6 /* Assets.xcassets in Resources */,
				1A8DC4D427EB6632001361B6 /* Main.storyboard in Resources */,
				1A8DC4E827EB6C99001361B6 /* Quotes.graphql in Resources */,
			);
			runOnlyForDeploymentPostprocessing = 0;
		};
/* End PBXResourcesBuildPhase section */

/* Begin PBXShellScriptBuildPhase section */
		1A8DC4E527EB67AE001361B6 /* Apollo */ = {
			isa = PBXShellScriptBuildPhase;
			buildActionMask = 2147483647;
			files = (
			);
			inputFileListPaths = (
			);
			inputPaths = (
			);
			name = Apollo;
			outputFileListPaths = (
			);
			outputPaths = (
			);
			runOnlyForDeploymentPostprocessing = 0;
			shellPath = /bin/sh;
			shellScript = "# Don't run this during index builds\nif [ $ACTION = \"indexbuild\" ]; then exit 0; fi\n\n# Go to the build root and search up the chain to find the Derived Data Path where the source packages are checked out.\nDERIVED_DATA_CANDIDATE=\"${BUILD_ROOT}\"\n\nwhile ! [ -d \"${DERIVED_DATA_CANDIDATE}/SourcePackages\" ]; do\n  if [ \"${DERIVED_DATA_CANDIDATE}\" = / ]; then\n    echo >&2 \"error: Unable to locate SourcePackages directory from BUILD_ROOT: '${BUILD_ROOT}'\"\n    exit 1\n  fi\n\n  DERIVED_DATA_CANDIDATE=\"$(dirname \"${DERIVED_DATA_CANDIDATE}\")\"\ndone\n\n# Grab a reference to the directory where scripts are checked out\nSCRIPT_PATH=\"${DERIVED_DATA_CANDIDATE}/SourcePackages/checkouts/apollo-ios/scripts\"\n\nif [ -z \"${SCRIPT_PATH}\" ]; then\n    echo >&2 \"error: Couldn't find the CLI script in your checked out SPM packages; make sure to add the framework to your project.\"\n    exit 1\nfi\n\ncd \"${SRCROOT}/${TARGET_NAME}\"\n\"${SCRIPT_PATH}\"/run-bundled-codegen.sh codegen:generate --target=swift --includes=./**/*.graphql --localSchemaFile=\"Schema.graphqls\" API.swift\n# \"${SCRIPT_PATH}\"/run-bundled-codegen.sh schema:download --endpoint=\"https://apollo-fullstack-tutorial.herokuapp.com/graphql\"\n";
		};
/* End PBXShellScriptBuildPhase section */

/* Begin PBXSourcesBuildPhase section */
		1A8DC4C527EB6632001361B6 /* Sources */ = {
			isa = PBXSourcesBuildPhase;
			buildActionMask = 2147483647;
			files = (
				1A8DC4EC27EB7E4A001361B6 /* Network.swift in Sources */,
				1AE1C1B127F205CF0077E917 /* UIViewController + Alert.swift in Sources */,
				1A8DC4D127EB6632001361B6 /* ViewController.swift in Sources */,
				1A8DC4CD27EB6632001361B6 /* AppDelegate.swift in Sources */,
				1A8DC4CF27EB6632001361B6 /* SceneDelegate.swift in Sources */,
				1AE1C1AF27F1F2410077E917 /* API.swift in Sources */,
			);
			runOnlyForDeploymentPostprocessing = 0;
		};
/* End PBXSourcesBuildPhase section */

/* Begin PBXVariantGroup section */
		1A8DC4D227EB6632001361B6 /* Main.storyboard */ = {
			isa = PBXVariantGroup;
			children = (
				1A8DC4D327EB6632001361B6 /* Base */,
			);
			name = Main.storyboard;
			sourceTree = "<group>";
		};
		1A8DC4D727EB6634001361B6 /* LaunchScreen.storyboard */ = {
			isa = PBXVariantGroup;
			children = (
				1A8DC4D827EB6634001361B6 /* Base */,
			);
			name = LaunchScreen.storyboard;
			sourceTree = "<group>";
		};
/* End PBXVariantGroup section */

/* Begin XCBuildConfiguration section */
		1A8DC4DB27EB6634001361B6 /* Debug */ = {
			isa = XCBuildConfiguration;
			buildSettings = {
				ALWAYS_SEARCH_USER_PATHS = NO;
				CLANG_ANALYZER_NONNULL = YES;
				CLANG_ANALYZER_NUMBER_OBJECT_CONVERSION = YES_AGGRESSIVE;
				CLANG_CXX_LANGUAGE_STANDARD = "gnu++17";
				CLANG_ENABLE_MODULES = YES;
				CLANG_ENABLE_OBJC_ARC = YES;
				CLANG_ENABLE_OBJC_WEAK = YES;
				CLANG_WARN_BLOCK_CAPTURE_AUTORELEASING = YES;
				CLANG_WARN_BOOL_CONVERSION = YES;
				CLANG_WARN_COMMA = YES;
				CLANG_WARN_CONSTANT_CONVERSION = YES;
				CLANG_WARN_DEPRECATED_OBJC_IMPLEMENTATIONS = YES;
				CLANG_WARN_DIRECT_OBJC_ISA_USAGE = YES_ERROR;
				CLANG_WARN_DOCUMENTATION_COMMENTS = YES;
				CLANG_WARN_EMPTY_BODY = YES;
				CLANG_WARN_ENUM_CONVERSION = YES;
				CLANG_WARN_INFINITE_RECURSION = YES;
				CLANG_WARN_INT_CONVERSION = YES;
				CLANG_WARN_NON_LITERAL_NULL_CONVERSION = YES;
				CLANG_WARN_OBJC_IMPLICIT_RETAIN_SELF = YES;
				CLANG_WARN_OBJC_LITERAL_CONVERSION = YES;
				CLANG_WARN_OBJC_ROOT_CLASS = YES_ERROR;
				CLANG_WARN_QUOTED_INCLUDE_IN_FRAMEWORK_HEADER = YES;
				CLANG_WARN_RANGE_LOOP_ANALYSIS = YES;
				CLANG_WARN_STRICT_PROTOTYPES = YES;
				CLANG_WARN_SUSPICIOUS_MOVE = YES;
				CLANG_WARN_UNGUARDED_AVAILABILITY = YES_AGGRESSIVE;
				CLANG_WARN_UNREACHABLE_CODE = YES;
				CLANG_WARN__DUPLICATE_METHOD_MATCH = YES;
				COPY_PHASE_STRIP = NO;
				DEBUG_INFORMATION_FORMAT = dwarf;
				ENABLE_STRICT_OBJC_MSGSEND = YES;
				ENABLE_TESTABILITY = YES;
				GCC_C_LANGUAGE_STANDARD = gnu11;
				GCC_DYNAMIC_NO_PIC = NO;
				GCC_NO_COMMON_BLOCKS = YES;
				GCC_OPTIMIZATION_LEVEL = 0;
				GCC_PREPROCESSOR_DEFINITIONS = (
					"DEBUG=1",
					"$(inherited)",
				);
				GCC_WARN_64_TO_32_BIT_CONVERSION = YES;
				GCC_WARN_ABOUT_RETURN_TYPE = YES_ERROR;
				GCC_WARN_UNDECLARED_SELECTOR = YES;
				GCC_WARN_UNINITIALIZED_AUTOS = YES_AGGRESSIVE;
				GCC_WARN_UNUSED_FUNCTION = YES;
				GCC_WARN_UNUSED_VARIABLE = YES;
				IPHONEOS_DEPLOYMENT_TARGET = 15.4;
				MTL_ENABLE_DEBUG_INFO = INCLUDE_SOURCE;
				MTL_FAST_MATH = YES;
				ONLY_ACTIVE_ARCH = YES;
				SDKROOT = iphoneos;
				SWIFT_ACTIVE_COMPILATION_CONDITIONS = DEBUG;
				SWIFT_OPTIMIZATION_LEVEL = "-Onone";
			};
			name = Debug;
		};
		1A8DC4DC27EB6634001361B6 /* Release */ = {
			isa = XCBuildConfiguration;
			buildSettings = {
				ALWAYS_SEARCH_USER_PATHS = NO;
				CLANG_ANALYZER_NONNULL = YES;
				CLANG_ANALYZER_NUMBER_OBJECT_CONVERSION = YES_AGGRESSIVE;
				CLANG_CXX_LANGUAGE_STANDARD = "gnu++17";
				CLANG_ENABLE_MODULES = YES;
				CLANG_ENABLE_OBJC_ARC = YES;
				CLANG_ENABLE_OBJC_WEAK = YES;
				CLANG_WARN_BLOCK_CAPTURE_AUTORELEASING = YES;
				CLANG_WARN_BOOL_CONVERSION = YES;
				CLANG_WARN_COMMA = YES;
				CLANG_WARN_CONSTANT_CONVERSION = YES;
				CLANG_WARN_DEPRECATED_OBJC_IMPLEMENTATIONS = YES;
				CLANG_WARN_DIRECT_OBJC_ISA_USAGE = YES_ERROR;
				CLANG_WARN_DOCUMENTATION_COMMENTS = YES;
				CLANG_WARN_EMPTY_BODY = YES;
				CLANG_WARN_ENUM_CONVERSION = YES;
				CLANG_WARN_INFINITE_RECURSION = YES;
				CLANG_WARN_INT_CONVERSION = YES;
				CLANG_WARN_NON_LITERAL_NULL_CONVERSION = YES;
				CLANG_WARN_OBJC_IMPLICIT_RETAIN_SELF = YES;
				CLANG_WARN_OBJC_LITERAL_CONVERSION = YES;
				CLANG_WARN_OBJC_ROOT_CLASS = YES_ERROR;
				CLANG_WARN_QUOTED_INCLUDE_IN_FRAMEWORK_HEADER = YES;
				CLANG_WARN_RANGE_LOOP_ANALYSIS = YES;
				CLANG_WARN_STRICT_PROTOTYPES = YES;
				CLANG_WARN_SUSPICIOUS_MOVE = YES;
				CLANG_WARN_UNGUARDED_AVAILABILITY = YES_AGGRESSIVE;
				CLANG_WARN_UNREACHABLE_CODE = YES;
				CLANG_WARN__DUPLICATE_METHOD_MATCH = YES;
				COPY_PHASE_STRIP = NO;
				DEBUG_INFORMATION_FORMAT = "dwarf-with-dsym";
				ENABLE_NS_ASSERTIONS = NO;
				ENABLE_STRICT_OBJC_MSGSEND = YES;
				GCC_C_LANGUAGE_STANDARD = gnu11;
				GCC_NO_COMMON_BLOCKS = YES;
				GCC_WARN_64_TO_32_BIT_CONVERSION = YES;
				GCC_WARN_ABOUT_RETURN_TYPE = YES_ERROR;
				GCC_WARN_UNDECLARED_SELECTOR = YES;
				GCC_WARN_UNINITIALIZED_AUTOS = YES_AGGRESSIVE;
				GCC_WARN_UNUSED_FUNCTION = YES;
				GCC_WARN_UNUSED_VARIABLE = YES;
				IPHONEOS_DEPLOYMENT_TARGET = 15.4;
				MTL_ENABLE_DEBUG_INFO = NO;
				MTL_FAST_MATH = YES;
				SDKROOT = iphoneos;
				SWIFT_COMPILATION_MODE = wholemodule;
				SWIFT_OPTIMIZATION_LEVEL = "-O";
				VALIDATE_PRODUCT = YES;
			};
			name = Release;
		};
		1A8DC4DE27EB6634001361B6 /* Debug */ = {
			isa = XCBuildConfiguration;
			buildSettings = {
				ASSETCATALOG_COMPILER_APPICON_NAME = AppIcon;
				ASSETCATALOG_COMPILER_GLOBAL_ACCENT_COLOR_NAME = AccentColor;
				CODE_SIGN_STYLE = Automatic;
				CURRENT_PROJECT_VERSION = 1;
				DEVELOPMENT_TEAM = Z395QVG78R;
				GENERATE_INFOPLIST_FILE = YES;
				INFOPLIST_FILE = quotes/Info.plist;
				INFOPLIST_KEY_UIApplicationSupportsIndirectInputEvents = YES;
				INFOPLIST_KEY_UILaunchStoryboardName = LaunchScreen;
				INFOPLIST_KEY_UIMainStoryboardFile = Main;
				INFOPLIST_KEY_UISupportedInterfaceOrientations_iPad = "UIInterfaceOrientationPortrait UIInterfaceOrientationPortraitUpsideDown UIInterfaceOrientationLandscapeLeft UIInterfaceOrientationLandscapeRight";
				INFOPLIST_KEY_UISupportedInterfaceOrientations_iPhone = "UIInterfaceOrientationPortrait UIInterfaceOrientationLandscapeLeft UIInterfaceOrientationLandscapeRight";
				LD_RUNPATH_SEARCH_PATHS = (
					"$(inherited)",
					"@executable_path/Frameworks",
				);
				MARKETING_VERSION = 1.0;
				PRODUCT_BUNDLE_IDENTIFIER = com.jamestapping.quotes.quotes;
				PRODUCT_NAME = "$(TARGET_NAME)";
				SWIFT_EMIT_LOC_STRINGS = YES;
				SWIFT_VERSION = 5.0;
				TARGETED_DEVICE_FAMILY = "1,2";
			};
			name = Debug;
		};
		1A8DC4DF27EB6634001361B6 /* Release */ = {
			isa = XCBuildConfiguration;
			buildSettings = {
				ASSETCATALOG_COMPILER_APPICON_NAME = AppIcon;
				ASSETCATALOG_COMPILER_GLOBAL_ACCENT_COLOR_NAME = AccentColor;
				CODE_SIGN_STYLE = Automatic;
				CURRENT_PROJECT_VERSION = 1;
				DEVELOPMENT_TEAM = Z395QVG78R;
				GENERATE_INFOPLIST_FILE = YES;
				INFOPLIST_FILE = quotes/Info.plist;
				INFOPLIST_KEY_UIApplicationSupportsIndirectInputEvents = YES;
				INFOPLIST_KEY_UILaunchStoryboardName = LaunchScreen;
				INFOPLIST_KEY_UIMainStoryboardFile = Main;
				INFOPLIST_KEY_UISupportedInterfaceOrientations_iPad = "UIInterfaceOrientationPortrait UIInterfaceOrientationPortraitUpsideDown UIInterfaceOrientationLandscapeLeft UIInterfaceOrientationLandscapeRight";
				INFOPLIST_KEY_UISupportedInterfaceOrientations_iPhone = "UIInterfaceOrientationPortrait UIInterfaceOrientationLandscapeLeft UIInterfaceOrientationLandscapeRight";
				LD_RUNPATH_SEARCH_PATHS = (
					"$(inherited)",
					"@executable_path/Frameworks",
				);
				MARKETING_VERSION = 1.0;
				PRODUCT_BUNDLE_IDENTIFIER = com.jamestapping.quotes.quotes;
				PRODUCT_NAME = "$(TARGET_NAME)";
				SWIFT_EMIT_LOC_STRINGS = YES;
				SWIFT_VERSION = 5.0;
				TARGETED_DEVICE_FAMILY = "1,2";
			};
			name = Release;
		};
/* End XCBuildConfiguration section */

/* Begin XCConfigurationList section */
		1A8DC4C427EB6632001361B6 /* Build configuration list for PBXProject "quotes" */ = {
			isa = XCConfigurationList;
			buildConfigurations = (
				1A8DC4DB27EB6634001361B6 /* Debug */,
				1A8DC4DC27EB6634001361B6 /* Release */,
			);
			defaultConfigurationIsVisible = 0;
			defaultConfigurationName = Release;
		};
		1A8DC4DD27EB6634001361B6 /* Build configuration list for PBXNativeTarget "quotes" */ = {
			isa = XCConfigurationList;
			buildConfigurations = (
				1A8DC4DE27EB6634001361B6 /* Debug */,
				1A8DC4DF27EB6634001361B6 /* Release */,
			);
			defaultConfigurationIsVisible = 0;
			defaultConfigurationName = Release;
		};
/* End XCConfigurationList section */

/* Begin XCRemoteSwiftPackageReference section */
		1A8DC4E027EB6768001361B6 /* XCRemoteSwiftPackageReference "apollo-ios" */ = {
			isa = XCRemoteSwiftPackageReference;
			repositoryURL = "https://github.com/apollographql/apollo-ios";
			requirement = {
				kind = upToNextMajorVersion;
				minimumVersion = 0.9.5;
			};
		};
/* End XCRemoteSwiftPackageReference section */

/* Begin XCSwiftPackageProductDependency section */
		1A8DC4E127EB6768001361B6 /* Apollo */ = {
			isa = XCSwiftPackageProductDependency;
			package = 1A8DC4E027EB6768001361B6 /* XCRemoteSwiftPackageReference "apollo-ios" */;
			productName = Apollo;
		};
		1A8DC4E327EB6768001361B6 /* ApolloWebSocket */ = {
			isa = XCSwiftPackageProductDependency;
			package = 1A8DC4E027EB6768001361B6 /* XCRemoteSwiftPackageReference "apollo-ios" */;
			productName = ApolloWebSocket;
		};
/* End XCSwiftPackageProductDependency section */
	};
	rootObject = 1A8DC4C127EB6632001361B6 /* Project object */;
}
